{
  "version": 4,
  "terraform_version": "1.3.7",
  "serial": 28,
  "lineage": "e8f69d80-75b4-f58a-6f60-d71da9e87f5b",
  "outputs": {},
  "resources": [
    {
      "mode": "managed",
      "type": "linode_domain",
      "name": "foobar",
      "provider": "provider[\"registry.terraform.io/linode/linode\"]",
      "instances": [
        {
          "schema_version": 0,
          "attributes": {
            "axfr_ips": null,
            "description": "",
            "domain": "dudeyouhavenoidea.com",
            "expire_sec": 0,
            "group": "",
            "id": "1979945",
            "master_ips": null,
            "refresh_sec": 0,
            "retry_sec": 0,
            "soa_email": "bamiayo90@gmail.com",
            "status": "active",
            "tags": [
              "bar",
              "foo"
            ],
            "ttl_sec": 0,
            "type": "master"
          },
          "sensitive_attributes": [],
          "private": "bnVsbA=="
        }
      ]
    },
    {
      "mode": "managed",
      "type": "linode_domain_record",
      "name": "foobar",
      "provider": "provider[\"registry.terraform.io/linode/linode\"]",
      "instances": [
        {
          "schema_version": 0,
          "attributes": {
            "domain_id": 1979945,
            "id": "23453480",
            "name": "blog",
            "port": 0,
            "priority": 0,
            "protocol": "",
            "record_type": "A",
            "service": "",
            "tag": "",
            "target": "196.9.8.10",
            "ttl_sec": 0,
            "weight": 0
          },
          "sensitive_attributes": [],
          "private": "bnVsbA==",
          "dependencies": [
            "linode_domain.foobar"
          ]
        }
      ]
    },
    {
      "mode": "managed",
      "type": "linode_domain_record",
      "name": "foobar2",
      "provider": "provider[\"registry.terraform.io/linode/linode\"]",
      "instances": [
        {
          "schema_version": 0,
          "attributes": {
            "domain_id": 1979945,
            "id": "23453479",
            "name": "shop",
            "port": 0,
            "priority": 0,
            "protocol": "",
            "record_type": "A",
            "service": "",
            "tag": "",
            "target": "196.9.8.10",
            "ttl_sec": 0,
            "weight": 0
          },
          "sensitive_attributes": [],
          "private": "bnVsbA==",
          "dependencies": [
            "linode_domain.foobar"
          ]
        }
      ]
    }
  ],
  "check_results": null
}
